
Microsoft Visual Studio Solution File, Format Version 12.00
# Visual Studio Version 17
VisualStudioVersion = 17.4.33122.133
MinimumVisualStudioVersion = 10.0.40219.1
Project("{2150E333-8FDC-42A3-9474-1A3956D46DE8}") = "Data", "Data", "{FEFE430F-359B-4C81-898F-3F95FCCFCEAF}"
EndProject
Project("{2150E333-8FDC-42A3-9474-1A3956D46DE8}") = "Systems", "Systems", "{9B4C8392-559E-4CBC-BEC1-D0BFCACC7346}"
EndProject
Project("{2150E333-8FDC-42A3-9474-1A3956D46DE8}") = "Api", "Api", "{F762B86F-E5B5-474A-A3DE-846DAF966D8E}"
EndProject
Project("{2150E333-8FDC-42A3-9474-1A3956D46DE8}") = "Identity", "Identity", "{3DCCFCD9-7144-4640-A54E-D31CA72D9DE9}"
EndProject
Project("{9A19103F-16F7-4668-BE54-9A1E7A4F7556}") = "DSRNetSchool.Api", "Systems\Api\DSRNetSchool.Api\DSRNetSchool.Api.csproj", "{B9F8823C-4277-49A7-8536-6DDAC40101F4}"
EndProject
Project("{9A19103F-16F7-4668-BE54-9A1E7A4F7556}") = "DSRNetSchool.Api.Settings", "Systems\Api\DSRNetSchool.Api.Settings\DSRNetSchool.Api.Settings.csproj", "{F0E98991-C897-4C89-85E0-316FABA0493E}"
EndProject
Project("{2150E333-8FDC-42A3-9474-1A3956D46DE8}") = "Shared", "Shared", "{C410E01C-9E10-401F-8151-EDF265867F57}"
EndProject
Project("{9A19103F-16F7-4668-BE54-9A1E7A4F7556}") = "DSRNetSchool.Common", "Shared\DSRNetSchool.Common\DSRNetSchool.Common.csproj", "{7B6D4E40-9A8F-431D-9495-7877033648AD}"
EndProject
Project("{2150E333-8FDC-42A3-9474-1A3956D46DE8}") = "Services", "Services", "{D4247033-4CAB-4F04-A442-7E5DD016E74B}"
EndProject
Project("{9A19103F-16F7-4668-BE54-9A1E7A4F7556}") = "DSRNetSchool.Settings", "Shared\DSRNetSchool.Settings\DSRNetSchool.Settings.csproj", "{D6718DE8-5C42-42F3-907D-F92E3621F0C3}"
EndProject
Project("{9A19103F-16F7-4668-BE54-9A1E7A4F7556}") = "DSRNetSchool.Services.Settings", "Services\DSRNetSchool.Services.Settings\DSRNetSchool.Services.Settings.csproj", "{430FDB9E-BF7A-4FD1-8D0F-D70FE0EF3C7B}"
EndProject
Global
	GlobalSection(SolutionConfigurationPlatforms) = preSolution
		Debug|Any CPU = Debug|Any CPU
		Release|Any CPU = Release|Any CPU
	EndGlobalSection
	GlobalSection(ProjectConfigurationPlatforms) = postSolution
		{B9F8823C-4277-49A7-8536-6DDAC40101F4}.Debug|Any CPU.ActiveCfg = Debug|Any CPU
		{B9F8823C-4277-49A7-8536-6DDAC40101F4}.Debug|Any CPU.Build.0 = Debug|Any CPU
		{B9F8823C-4277-49A7-8536-6DDAC40101F4}.Release|Any CPU.ActiveCfg = Release|Any CPU
		{B9F8823C-4277-49A7-8536-6DDAC40101F4}.Release|Any CPU.Build.0 = Release|Any CPU
		{F0E98991-C897-4C89-85E0-316FABA0493E}.Debug|Any CPU.ActiveCfg = Debug|Any CPU
		{F0E98991-C897-4C89-85E0-316FABA0493E}.Debug|Any CPU.Build.0 = Debug|Any CPU
		{F0E98991-C897-4C89-85E0-316FABA0493E}.Release|Any CPU.ActiveCfg = Release|Any CPU
		{F0E98991-C897-4C89-85E0-316FABA0493E}.Release|Any CPU.Build.0 = Release|Any CPU
		{7B6D4E40-9A8F-431D-9495-7877033648AD}.Debug|Any CPU.ActiveCfg = Debug|Any CPU
		{7B6D4E40-9A8F-431D-9495-7877033648AD}.Debug|Any CPU.Build.0 = Debug|Any CPU
		{7B6D4E40-9A8F-431D-9495-7877033648AD}.Release|Any CPU.ActiveCfg = Release|Any CPU
		{7B6D4E40-9A8F-431D-9495-7877033648AD}.Release|Any CPU.Build.0 = Release|Any CPU
		{D6718DE8-5C42-42F3-907D-F92E3621F0C3}.Debug|Any CPU.ActiveCfg = Debug|Any CPU
		{D6718DE8-5C42-42F3-907D-F92E3621F0C3}.Debug|Any CPU.Build.0 = Debug|Any CPU
		{D6718DE8-5C42-42F3-907D-F92E3621F0C3}.Release|Any CPU.ActiveCfg = Release|Any CPU
		{D6718DE8-5C42-42F3-907D-F92E3621F0C3}.Release|Any CPU.Build.0 = Release|Any CPU
		{430FDB9E-BF7A-4FD1-8D0F-D70FE0EF3C7B}.Debug|Any CPU.ActiveCfg = Debug|Any CPU
		{430FDB9E-BF7A-4FD1-8D0F-D70FE0EF3C7B}.Debug|Any CPU.Build.0 = Debug|Any CPU
		{430FDB9E-BF7A-4FD1-8D0F-D70FE0EF3C7B}.Release|Any CPU.ActiveCfg = Release|Any CPU
		{430FDB9E-BF7A-4FD1-8D0F-D70FE0EF3C7B}.Release|Any CPU.Build.0 = Release|Any CPU
	EndGlobalSection
	GlobalSection(SolutionProperties) = preSolution
		HideSolutionNode = FALSE
	EndGlobalSection
	GlobalSection(NestedProjects) = preSolution
		{F762B86F-E5B5-474A-A3DE-846DAF966D8E} = {9B4C8392-559E-4CBC-BEC1-D0BFCACC7346}
		{3DCCFCD9-7144-4640-A54E-D31CA72D9DE9} = {9B4C8392-559E-4CBC-BEC1-D0BFCACC7346}
		{B9F8823C-4277-49A7-8536-6DDAC40101F4} = {F762B86F-E5B5-474A-A3DE-846DAF966D8E}
		{F0E98991-C897-4C89-85E0-316FABA0493E} = {F762B86F-E5B5-474A-A3DE-846DAF966D8E}
		{7B6D4E40-9A8F-431D-9495-7877033648AD} = {C410E01C-9E10-401F-8151-EDF265867F57}
		{D6718DE8-5C42-42F3-907D-F92E3621F0C3} = {C410E01C-9E10-401F-8151-EDF265867F57}
		{430FDB9E-BF7A-4FD1-8D0F-D70FE0EF3C7B} = {D4247033-4CAB-4F04-A442-7E5DD016E74B}
	EndGlobalSection
	GlobalSection(ExtensibilityGlobals) = postSolution
		SolutionGuid = {299BF63F-FD53-4499-A734-9D7AAEA17047}
	EndGlobalSection
EndGlobal
