
Microsoft Visual Studio Solution File, Format Version 12.00
# Visual Studio Version 17
VisualStudioVersion = 17.4.33122.133
MinimumVisualStudioVersion = 10.0.40219.1
Project("{2150E333-8FDC-42A3-9474-1A3956D46DE8}") = "Systems", "Systems", "{9B4C8392-559E-4CBC-BEC1-D0BFCACC7346}"
EndProject
Project("{2150E333-8FDC-42A3-9474-1A3956D46DE8}") = "Api", "Api", "{F762B86F-E5B5-474A-A3DE-846DAF966D8E}"
EndProject
Project("{2150E333-8FDC-42A3-9474-1A3956D46DE8}") = "Identity", "Identity", "{3DCCFCD9-7144-4640-A54E-D31CA72D9DE9}"
EndProject
Project("{9A19103F-16F7-4668-BE54-9A1E7A4F7556}") = "DSRNetSchool.Api", "Systems\Api\DSRNetSchool.Api\DSRNetSchool.Api.csproj", "{B9F8823C-4277-49A7-8536-6DDAC40101F4}"
EndProject
Project("{9A19103F-16F7-4668-BE54-9A1E7A4F7556}") = "DSRNetSchool.Api.Settings", "Systems\Api\DSRNetSchool.Api.Settings\DSRNetSchool.Api.Settings.csproj", "{F0E98991-C897-4C89-85E0-316FABA0493E}"
EndProject
Project("{2150E333-8FDC-42A3-9474-1A3956D46DE8}") = "Shared", "Shared", "{C410E01C-9E10-401F-8151-EDF265867F57}"
EndProject
Project("{9A19103F-16F7-4668-BE54-9A1E7A4F7556}") = "DSRNetSchool.Common", "Shared\DSRNetSchool.Common\DSRNetSchool.Common.csproj", "{7B6D4E40-9A8F-431D-9495-7877033648AD}"
EndProject
Project("{2150E333-8FDC-42A3-9474-1A3956D46DE8}") = "Services", "Services", "{D4247033-4CAB-4F04-A442-7E5DD016E74B}"
EndProject
Project("{9A19103F-16F7-4668-BE54-9A1E7A4F7556}") = "DSRNetSchool.Settings", "Shared\DSRNetSchool.Settings\DSRNetSchool.Settings.csproj", "{D6718DE8-5C42-42F3-907D-F92E3621F0C3}"
EndProject
Project("{9A19103F-16F7-4668-BE54-9A1E7A4F7556}") = "DSRNetSchool.Services.Settings", "Services\DSRNetSchool.Services.Settings\DSRNetSchool.Services.Settings.csproj", "{430FDB9E-BF7A-4FD1-8D0F-D70FE0EF3C7B}"
EndProject
Project("{E53339B2-1760-4266-BCC7-CA923CBCF16C}") = "docker-compose", "docker-compose.dcproj", "{E5935DE5-0640-488D-A417-12B8286DB121}"
EndProject
Project("{2150E333-8FDC-42A3-9474-1A3956D46DE8}") = "Data", "Data", "{2E05E73C-FDE7-4303-96F2-3721AA8AF0E7}"
EndProject
Project("{9A19103F-16F7-4668-BE54-9A1E7A4F7556}") = "DSRNetSchool.Context", "Data\DSRNetSchool.Context\DSRNetSchool.Context.csproj", "{9CF82B61-0333-4163-B085-2161053A8B72}"
EndProject
Project("{9A19103F-16F7-4668-BE54-9A1E7A4F7556}") = "DSRNetSchool.Context.Entities", "Data\DSRNetSchool.Context.Entities\DSRNetSchool.Context.Entities.csproj", "{B04CA82E-92B8-407A-9FE9-F4E5BC1C85EE}"
EndProject
Project("{2150E333-8FDC-42A3-9474-1A3956D46DE8}") = "Migrations", "Migrations", "{A7312E22-8265-4A21-ACEA-BF12DA1CCB5A}"
EndProject
Project("{9A19103F-16F7-4668-BE54-9A1E7A4F7556}") = "DSRNetSchool.Context.MigrationsMSSQL", "Data\Migrations\DSRNetSchool.Context.MigrationsMSSQL\DSRNetSchool.Context.MigrationsMSSQL.csproj", "{940DF1DA-5121-40BD-8F39-CEF6148D42A4}"
EndProject
Project("{9A19103F-16F7-4668-BE54-9A1E7A4F7556}") = "DSRNetSchool.Context.MigrationsPostgreSQL", "Data\Migrations\DSRNetSchool.Context.MigrationsPostgreSQL\DSRNetSchool.Context.MigrationsPostgreSQL.csproj", "{DE4F6DE6-9EDE-4645-A720-2E742CA0CA0C}"
EndProject
Project("{9A19103F-16F7-4668-BE54-9A1E7A4F7556}") = "DSRNetSchool.Services.Books", "Services\DSRNetSchool.Services.Books\DSRNetSchool.Services.Books.csproj", "{B3928771-82F4-482A-8908-D3FFB05B9477}"
EndProject
Project("{9A19103F-16F7-4668-BE54-9A1E7A4F7556}") = "DSRNetSchool.Identity", "Systems\Identity\DSRNetSchool.Identity\DSRNetSchool.Identity.csproj", "{E2CF325B-AA6D-41D1-AED6-9402BC6CB4EB}"
EndProject
Project("{9A19103F-16F7-4668-BE54-9A1E7A4F7556}") = "DSRNetSchool.Services.UserAccount", "Services\DSRNetSchool.Services.UserAccount\DSRNetSchool.Services.UserAccount.csproj", "{76779B7C-9814-401D-8BD9-31B5DAEF7484}"
EndProject
Project("{9A19103F-16F7-4668-BE54-9A1E7A4F7556}") = "DSRNetSchool.Services.Cache", "Services\DSRNetSchool.Services.Cache\DSRNetSchool.Services.Cache.csproj", "{48414409-404A-465B-A62B-8B97822ABC52}"
EndProject
Project("{9A19103F-16F7-4668-BE54-9A1E7A4F7556}") = "DSRNetSchool.Services.RabbitMq", "Services\DSRNetSchool.Services.RabbitMq\DSRNetSchool.Services.RabbitMq.csproj", "{9905C46C-8045-41DF-90BA-3FC0EFF38941}"
EndProject
Project("{9A19103F-16F7-4668-BE54-9A1E7A4F7556}") = "DSRNetSchool.Services.Actions", "Services\DSRNetSchool.Services.Actions\DSRNetSchool.Services.Actions.csproj", "{78C49353-C604-423B-973A-B9AA19015E6B}"
EndProject
Project("{9A19103F-16F7-4668-BE54-9A1E7A4F7556}") = "DSRNetSchool.Services.EmailSender", "Services\DSRNetSchool.Services.EmailSender\DSRNetSchool.Services.EmailSender.csproj", "{09F10D80-908E-46B4-8645-3A4133F28020}"
EndProject
Project("{9A19103F-16F7-4668-BE54-9A1E7A4F7556}") = "DSRNetSchool.Consts", "Shared\DSRNetSchool.Consts\DSRNetSchool.Consts.csproj", "{E537EE3E-476B-4222-8550-E6E621032D31}"
EndProject
Project("{2150E333-8FDC-42A3-9474-1A3956D46DE8}") = "Workers", "Workers", "{7EC1648A-D360-4BDF-BBE2-AEC4505F0F20}"
EndProject
Project("{9A19103F-16F7-4668-BE54-9A1E7A4F7556}") = "DSRNetSchool.Worker", "Systems\Workers\DSRNetSchool.Worker\DSRNetSchool.Worker.csproj", "{9F57C6E3-9888-4463-AC62-595BED523676}"
EndProject
Global
	GlobalSection(SolutionConfigurationPlatforms) = preSolution
		Debug|Any CPU = Debug|Any CPU
		Release|Any CPU = Release|Any CPU
	EndGlobalSection
	GlobalSection(ProjectConfigurationPlatforms) = postSolution
		{B9F8823C-4277-49A7-8536-6DDAC40101F4}.Debug|Any CPU.ActiveCfg = Debug|Any CPU
		{B9F8823C-4277-49A7-8536-6DDAC40101F4}.Debug|Any CPU.Build.0 = Debug|Any CPU
		{B9F8823C-4277-49A7-8536-6DDAC40101F4}.Release|Any CPU.ActiveCfg = Release|Any CPU
		{B9F8823C-4277-49A7-8536-6DDAC40101F4}.Release|Any CPU.Build.0 = Release|Any CPU
		{F0E98991-C897-4C89-85E0-316FABA0493E}.Debug|Any CPU.ActiveCfg = Debug|Any CPU
		{F0E98991-C897-4C89-85E0-316FABA0493E}.Debug|Any CPU.Build.0 = Debug|Any CPU
		{F0E98991-C897-4C89-85E0-316FABA0493E}.Release|Any CPU.ActiveCfg = Release|Any CPU
		{F0E98991-C897-4C89-85E0-316FABA0493E}.Release|Any CPU.Build.0 = Release|Any CPU
		{7B6D4E40-9A8F-431D-9495-7877033648AD}.Debug|Any CPU.ActiveCfg = Debug|Any CPU
		{7B6D4E40-9A8F-431D-9495-7877033648AD}.Debug|Any CPU.Build.0 = Debug|Any CPU
		{7B6D4E40-9A8F-431D-9495-7877033648AD}.Release|Any CPU.ActiveCfg = Release|Any CPU
		{7B6D4E40-9A8F-431D-9495-7877033648AD}.Release|Any CPU.Build.0 = Release|Any CPU
		{D6718DE8-5C42-42F3-907D-F92E3621F0C3}.Debug|Any CPU.ActiveCfg = Debug|Any CPU
		{D6718DE8-5C42-42F3-907D-F92E3621F0C3}.Debug|Any CPU.Build.0 = Debug|Any CPU
		{D6718DE8-5C42-42F3-907D-F92E3621F0C3}.Release|Any CPU.ActiveCfg = Release|Any CPU
		{D6718DE8-5C42-42F3-907D-F92E3621F0C3}.Release|Any CPU.Build.0 = Release|Any CPU
		{430FDB9E-BF7A-4FD1-8D0F-D70FE0EF3C7B}.Debug|Any CPU.ActiveCfg = Debug|Any CPU
		{430FDB9E-BF7A-4FD1-8D0F-D70FE0EF3C7B}.Debug|Any CPU.Build.0 = Debug|Any CPU
		{430FDB9E-BF7A-4FD1-8D0F-D70FE0EF3C7B}.Release|Any CPU.ActiveCfg = Release|Any CPU
		{430FDB9E-BF7A-4FD1-8D0F-D70FE0EF3C7B}.Release|Any CPU.Build.0 = Release|Any CPU
		{E5935DE5-0640-488D-A417-12B8286DB121}.Debug|Any CPU.ActiveCfg = Debug|Any CPU
		{E5935DE5-0640-488D-A417-12B8286DB121}.Debug|Any CPU.Build.0 = Debug|Any CPU
		{E5935DE5-0640-488D-A417-12B8286DB121}.Release|Any CPU.ActiveCfg = Release|Any CPU
		{E5935DE5-0640-488D-A417-12B8286DB121}.Release|Any CPU.Build.0 = Release|Any CPU
		{9CF82B61-0333-4163-B085-2161053A8B72}.Debug|Any CPU.ActiveCfg = Debug|Any CPU
		{9CF82B61-0333-4163-B085-2161053A8B72}.Debug|Any CPU.Build.0 = Debug|Any CPU
		{9CF82B61-0333-4163-B085-2161053A8B72}.Release|Any CPU.ActiveCfg = Release|Any CPU
		{9CF82B61-0333-4163-B085-2161053A8B72}.Release|Any CPU.Build.0 = Release|Any CPU
		{B04CA82E-92B8-407A-9FE9-F4E5BC1C85EE}.Debug|Any CPU.ActiveCfg = Debug|Any CPU
		{B04CA82E-92B8-407A-9FE9-F4E5BC1C85EE}.Debug|Any CPU.Build.0 = Debug|Any CPU
		{B04CA82E-92B8-407A-9FE9-F4E5BC1C85EE}.Release|Any CPU.ActiveCfg = Release|Any CPU
		{B04CA82E-92B8-407A-9FE9-F4E5BC1C85EE}.Release|Any CPU.Build.0 = Release|Any CPU
		{940DF1DA-5121-40BD-8F39-CEF6148D42A4}.Debug|Any CPU.ActiveCfg = Debug|Any CPU
		{940DF1DA-5121-40BD-8F39-CEF6148D42A4}.Debug|Any CPU.Build.0 = Debug|Any CPU
		{940DF1DA-5121-40BD-8F39-CEF6148D42A4}.Release|Any CPU.ActiveCfg = Release|Any CPU
		{940DF1DA-5121-40BD-8F39-CEF6148D42A4}.Release|Any CPU.Build.0 = Release|Any CPU
		{DE4F6DE6-9EDE-4645-A720-2E742CA0CA0C}.Debug|Any CPU.ActiveCfg = Debug|Any CPU
		{DE4F6DE6-9EDE-4645-A720-2E742CA0CA0C}.Debug|Any CPU.Build.0 = Debug|Any CPU
		{DE4F6DE6-9EDE-4645-A720-2E742CA0CA0C}.Release|Any CPU.ActiveCfg = Release|Any CPU
		{DE4F6DE6-9EDE-4645-A720-2E742CA0CA0C}.Release|Any CPU.Build.0 = Release|Any CPU
		{B3928771-82F4-482A-8908-D3FFB05B9477}.Debug|Any CPU.ActiveCfg = Debug|Any CPU
		{B3928771-82F4-482A-8908-D3FFB05B9477}.Debug|Any CPU.Build.0 = Debug|Any CPU
		{B3928771-82F4-482A-8908-D3FFB05B9477}.Release|Any CPU.ActiveCfg = Release|Any CPU
		{B3928771-82F4-482A-8908-D3FFB05B9477}.Release|Any CPU.Build.0 = Release|Any CPU
		{E2CF325B-AA6D-41D1-AED6-9402BC6CB4EB}.Debug|Any CPU.ActiveCfg = Debug|Any CPU
		{E2CF325B-AA6D-41D1-AED6-9402BC6CB4EB}.Debug|Any CPU.Build.0 = Debug|Any CPU
		{E2CF325B-AA6D-41D1-AED6-9402BC6CB4EB}.Release|Any CPU.ActiveCfg = Release|Any CPU
		{E2CF325B-AA6D-41D1-AED6-9402BC6CB4EB}.Release|Any CPU.Build.0 = Release|Any CPU
		{76779B7C-9814-401D-8BD9-31B5DAEF7484}.Debug|Any CPU.ActiveCfg = Debug|Any CPU
		{76779B7C-9814-401D-8BD9-31B5DAEF7484}.Debug|Any CPU.Build.0 = Debug|Any CPU
		{76779B7C-9814-401D-8BD9-31B5DAEF7484}.Release|Any CPU.ActiveCfg = Release|Any CPU
		{76779B7C-9814-401D-8BD9-31B5DAEF7484}.Release|Any CPU.Build.0 = Release|Any CPU
		{48414409-404A-465B-A62B-8B97822ABC52}.Debug|Any CPU.ActiveCfg = Debug|Any CPU
		{48414409-404A-465B-A62B-8B97822ABC52}.Debug|Any CPU.Build.0 = Debug|Any CPU
		{48414409-404A-465B-A62B-8B97822ABC52}.Release|Any CPU.ActiveCfg = Release|Any CPU
		{48414409-404A-465B-A62B-8B97822ABC52}.Release|Any CPU.Build.0 = Release|Any CPU
		{9905C46C-8045-41DF-90BA-3FC0EFF38941}.Debug|Any CPU.ActiveCfg = Debug|Any CPU
		{9905C46C-8045-41DF-90BA-3FC0EFF38941}.Debug|Any CPU.Build.0 = Debug|Any CPU
		{9905C46C-8045-41DF-90BA-3FC0EFF38941}.Release|Any CPU.ActiveCfg = Release|Any CPU
		{9905C46C-8045-41DF-90BA-3FC0EFF38941}.Release|Any CPU.Build.0 = Release|Any CPU
		{78C49353-C604-423B-973A-B9AA19015E6B}.Debug|Any CPU.ActiveCfg = Debug|Any CPU
		{78C49353-C604-423B-973A-B9AA19015E6B}.Debug|Any CPU.Build.0 = Debug|Any CPU
		{78C49353-C604-423B-973A-B9AA19015E6B}.Release|Any CPU.ActiveCfg = Release|Any CPU
		{78C49353-C604-423B-973A-B9AA19015E6B}.Release|Any CPU.Build.0 = Release|Any CPU
		{09F10D80-908E-46B4-8645-3A4133F28020}.Debug|Any CPU.ActiveCfg = Debug|Any CPU
		{09F10D80-908E-46B4-8645-3A4133F28020}.Debug|Any CPU.Build.0 = Debug|Any CPU
		{09F10D80-908E-46B4-8645-3A4133F28020}.Release|Any CPU.ActiveCfg = Release|Any CPU
		{09F10D80-908E-46B4-8645-3A4133F28020}.Release|Any CPU.Build.0 = Release|Any CPU
		{E537EE3E-476B-4222-8550-E6E621032D31}.Debug|Any CPU.ActiveCfg = Debug|Any CPU
		{E537EE3E-476B-4222-8550-E6E621032D31}.Debug|Any CPU.Build.0 = Debug|Any CPU
		{E537EE3E-476B-4222-8550-E6E621032D31}.Release|Any CPU.ActiveCfg = Release|Any CPU
		{E537EE3E-476B-4222-8550-E6E621032D31}.Release|Any CPU.Build.0 = Release|Any CPU
		{9F57C6E3-9888-4463-AC62-595BED523676}.Debug|Any CPU.ActiveCfg = Debug|Any CPU
		{9F57C6E3-9888-4463-AC62-595BED523676}.Debug|Any CPU.Build.0 = Debug|Any CPU
		{9F57C6E3-9888-4463-AC62-595BED523676}.Release|Any CPU.ActiveCfg = Release|Any CPU
		{9F57C6E3-9888-4463-AC62-595BED523676}.Release|Any CPU.Build.0 = Release|Any CPU
	EndGlobalSection
	GlobalSection(SolutionProperties) = preSolution
		HideSolutionNode = FALSE
	EndGlobalSection
	GlobalSection(NestedProjects) = preSolution
		{F762B86F-E5B5-474A-A3DE-846DAF966D8E} = {9B4C8392-559E-4CBC-BEC1-D0BFCACC7346}
		{3DCCFCD9-7144-4640-A54E-D31CA72D9DE9} = {9B4C8392-559E-4CBC-BEC1-D0BFCACC7346}
		{B9F8823C-4277-49A7-8536-6DDAC40101F4} = {F762B86F-E5B5-474A-A3DE-846DAF966D8E}
		{F0E98991-C897-4C89-85E0-316FABA0493E} = {F762B86F-E5B5-474A-A3DE-846DAF966D8E}
		{7B6D4E40-9A8F-431D-9495-7877033648AD} = {C410E01C-9E10-401F-8151-EDF265867F57}
		{D6718DE8-5C42-42F3-907D-F92E3621F0C3} = {C410E01C-9E10-401F-8151-EDF265867F57}
		{430FDB9E-BF7A-4FD1-8D0F-D70FE0EF3C7B} = {D4247033-4CAB-4F04-A442-7E5DD016E74B}
		{9CF82B61-0333-4163-B085-2161053A8B72} = {2E05E73C-FDE7-4303-96F2-3721AA8AF0E7}
		{B04CA82E-92B8-407A-9FE9-F4E5BC1C85EE} = {2E05E73C-FDE7-4303-96F2-3721AA8AF0E7}
		{A7312E22-8265-4A21-ACEA-BF12DA1CCB5A} = {2E05E73C-FDE7-4303-96F2-3721AA8AF0E7}
		{940DF1DA-5121-40BD-8F39-CEF6148D42A4} = {A7312E22-8265-4A21-ACEA-BF12DA1CCB5A}
		{DE4F6DE6-9EDE-4645-A720-2E742CA0CA0C} = {A7312E22-8265-4A21-ACEA-BF12DA1CCB5A}
		{B3928771-82F4-482A-8908-D3FFB05B9477} = {D4247033-4CAB-4F04-A442-7E5DD016E74B}
		{E2CF325B-AA6D-41D1-AED6-9402BC6CB4EB} = {3DCCFCD9-7144-4640-A54E-D31CA72D9DE9}
		{76779B7C-9814-401D-8BD9-31B5DAEF7484} = {D4247033-4CAB-4F04-A442-7E5DD016E74B}
		{48414409-404A-465B-A62B-8B97822ABC52} = {D4247033-4CAB-4F04-A442-7E5DD016E74B}
		{9905C46C-8045-41DF-90BA-3FC0EFF38941} = {D4247033-4CAB-4F04-A442-7E5DD016E74B}
		{78C49353-C604-423B-973A-B9AA19015E6B} = {D4247033-4CAB-4F04-A442-7E5DD016E74B}
		{09F10D80-908E-46B4-8645-3A4133F28020} = {D4247033-4CAB-4F04-A442-7E5DD016E74B}
		{E537EE3E-476B-4222-8550-E6E621032D31} = {C410E01C-9E10-401F-8151-EDF265867F57}
		{7EC1648A-D360-4BDF-BBE2-AEC4505F0F20} = {9B4C8392-559E-4CBC-BEC1-D0BFCACC7346}
		{9F57C6E3-9888-4463-AC62-595BED523676} = {7EC1648A-D360-4BDF-BBE2-AEC4505F0F20}
	EndGlobalSection
	GlobalSection(ExtensibilityGlobals) = postSolution
		SolutionGuid = {299BF63F-FD53-4499-A734-9D7AAEA17047}
	EndGlobalSection
EndGlobal
